{
  "version": 4,
  "terraform_version": "1.6.2",
  "serial": 43,
  "lineage": "d623fb9e-7ee6-1d9e-4f0b-3aaa4130c040",
  "outputs": {
    "droplet_limit": {
      "value": 10,
      "type": "number"
    },
    "server_ip": {
      "value": "165.22.143.12",
      "type": "string"
    }
  },
  "resources": [
    {
      "mode": "data",
      "type": "digitalocean_account",
      "name": "account_info",
      "provider": "provider[\"registry.terraform.io/digitalocean/digitalocean\"]",
      "instances": [
        {
          "schema_version": 0,
          "attributes": {
            "droplet_limit": 10,
            "email": "hm.sebastiansilva@gmail.com",
            "email_verified": true,
            "floating_ip_limit": 3,
            "id": "64f2525a-8bd8-44b0-ad1d-a51d85cfbb37",
            "status": "active",
            "status_message": "",
            "uuid": "64f2525a-8bd8-44b0-ad1d-a51d85cfbb37"
          },
          "sensitive_attributes": []
        }
      ]
    },
    {
      "mode": "data",
      "type": "digitalocean_ssh_key",
      "name": "mykey",
      "provider": "provider[\"registry.terraform.io/digitalocean/digitalocean\"]",
      "instances": [
        {
          "schema_version": 0,
          "attributes": {
            "fingerprint": "dc:20:93:d8:2d:5c:02:44:0c:05:f0:e2:5a:22:3d:8e",
            "id": 39851143,
            "name": "Silva",
            "public_key": "ssh-ed25519 AAAAC3NzaC1lZDI1NTE5AAAAIFoSdYFKQ5klAF3MT5hczhPSfPsaLQaAVANUp/QbJ/bc hm.sebastiansilva@gmail.com"
          },
          "sensitive_attributes": []
        }
      ]
    },
    {
      "mode": "managed",
      "type": "digitalocean_droplet",
      "name": "cookapp-iac",
      "provider": "provider[\"registry.terraform.io/digitalocean/digitalocean\"]",
      "instances": [
        {
          "schema_version": 1,
          "attributes": {
            "backups": false,
            "created_at": "2023-11-01T08:10:25Z",
            "disk": 25,
            "droplet_agent": null,
            "graceful_shutdown": false,
            "id": "382736208",
            "image": "ubuntu-20-04-x64",
            "ipv4_address": "165.22.143.12",
            "ipv4_address_private": "10.120.0.3",
            "ipv6": false,
            "ipv6_address": "",
            "locked": false,
            "memory": 1024,
            "monitoring": false,
            "name": "cookapp-iac",
            "price_hourly": 0.00893,
            "price_monthly": 6,
            "private_networking": true,
            "region": "sfo2",
            "resize_disk": true,
            "size": "s-1vcpu-1gb",
            "ssh_keys": [
              "39851143"
            ],
            "status": "active",
            "tags": null,
            "timeouts": null,
            "urn": "do:droplet:382736208",
            "user_data": null,
            "vcpus": 1,
            "volume_ids": [],
            "vpc_uuid": "6b6d39b5-b6fe-4810-b3ce-903942f7f3db"
          },
          "sensitive_attributes": [],
          "private": "eyJlMmJmYjczMC1lY2FhLTExZTYtOGY4OC0zNDM2M2JjN2M0YzAiOnsiY3JlYXRlIjozNjAwMDAwMDAwMDAwLCJkZWxldGUiOjYwMDAwMDAwMDAwLCJ1cGRhdGUiOjM2MDAwMDAwMDAwMDB9LCJzY2hlbWFfdmVyc2lvbiI6IjEifQ==",
          "dependencies": [
            "data.digitalocean_ssh_key.mykey"
          ],
          "create_before_destroy": true
        }
      ]
    }
  ],
  "check_results": null
}
